
Microsoft Visual Studio Solution File, Format Version 12.00
# Visual Studio Version 17
VisualStudioVersion = 17.5.001.0
MinimumVisualStudioVersion = 10.0.40219.1
Project("{9A19103F-16F7-4668-BE54-9A1E7A4F7556}") = "blogapp", "blogapp.csproj", "{D25FD138-8A16-4405-845E-0F534E0F28A2}"
EndProject
Global
	GlobalSection(SolutionConfigurationPlatforms) = preSolution
		Debug|Any CPU = Debug|Any CPU
		Release|Any CPU = Release|Any CPU
	EndGlobalSection
	GlobalSection(ProjectConfigurationPlatforms) = postSolution
		{D25FD138-8A16-4405-845E-0F534E0F28A2}.Debug|Any CPU.ActiveCfg = Debug|Any CPU
		{D25FD138-8A16-4405-845E-0F534E0F28A2}.Debug|Any CPU.Build.0 = Debug|Any CPU
		{D25FD138-8A16-4405-845E-0F534E0F28A2}.Release|Any CPU.ActiveCfg = Release|Any CPU
		{D25FD138-8A16-4405-845E-0F534E0F28A2}.Release|Any CPU.Build.0 = Release|Any CPU
	EndGlobalSection
	GlobalSection(SolutionProperties) = preSolution
		HideSolutionNode = FALSE
	EndGlobalSection
	GlobalSection(ExtensibilityGlobals) = postSolution
		SolutionGuid = {948342D4-8C87-4BC2-9DC9-CD073C25C2EB}
	EndGlobalSection
EndGlobal
