
Microsoft Visual Studio Solution File, Format Version 12.00
# Visual Studio Version 17
VisualStudioVersion = 17.5.001.0
MinimumVisualStudioVersion = 10.0.40219.1
Project("{9A19103F-16F7-4668-BE54-9A1E7A4F7556}") = "Application", "Application.csproj", "{3004050C-6880-45EA-A15D-5681BA4A1B74}"
EndProject
Global
	GlobalSection(SolutionConfigurationPlatforms) = preSolution
		Debug|Any CPU = Debug|Any CPU
		Release|Any CPU = Release|Any CPU
	EndGlobalSection
	GlobalSection(ProjectConfigurationPlatforms) = postSolution
		{3004050C-6880-45EA-A15D-5681BA4A1B74}.Debug|Any CPU.ActiveCfg = Debug|Any CPU
		{3004050C-6880-45EA-A15D-5681BA4A1B74}.Debug|Any CPU.Build.0 = Debug|Any CPU
		{3004050C-6880-45EA-A15D-5681BA4A1B74}.Release|Any CPU.ActiveCfg = Release|Any CPU
		{3004050C-6880-45EA-A15D-5681BA4A1B74}.Release|Any CPU.Build.0 = Release|Any CPU
	EndGlobalSection
	GlobalSection(SolutionProperties) = preSolution
		HideSolutionNode = FALSE
	EndGlobalSection
	GlobalSection(ExtensibilityGlobals) = postSolution
		SolutionGuid = {67BE8A65-B152-4002-A79C-F6BE32AC03E5}
	EndGlobalSection
EndGlobal
